
Microsoft Visual Studio Solution File, Format Version 12.00
# Visual Studio Version 17
VisualStudioVersion = 17.3.32922.545
MinimumVisualStudioVersion = 10.0.40219.1
Project("{FAE04EC0-301F-11D3-BF4B-00C04F79EFBC}") = "Teg_Coding_Challenge", "Teg_Coding_Challenge\Teg_Coding_Challenge.csproj", "{82C14609-E87E-433D-A3A5-6CDB60D9F7B7}"
EndProject
Global
	GlobalSection(SolutionConfigurationPlatforms) = preSolution
		Debug|Any CPU = Debug|Any CPU
		Release|Any CPU = Release|Any CPU
	EndGlobalSection
	GlobalSection(ProjectConfigurationPlatforms) = postSolution
		{82C14609-E87E-433D-A3A5-6CDB60D9F7B7}.Debug|Any CPU.ActiveCfg = Debug|Any CPU
		{82C14609-E87E-433D-A3A5-6CDB60D9F7B7}.Debug|Any CPU.Build.0 = Debug|Any CPU
		{82C14609-E87E-433D-A3A5-6CDB60D9F7B7}.Release|Any CPU.ActiveCfg = Release|Any CPU
		{82C14609-E87E-433D-A3A5-6CDB60D9F7B7}.Release|Any CPU.Build.0 = Release|Any CPU
	EndGlobalSection
	GlobalSection(SolutionProperties) = preSolution
		HideSolutionNode = FALSE
	EndGlobalSection
	GlobalSection(ExtensibilityGlobals) = postSolution
		SolutionGuid = {03B6FB46-3611-479D-B436-7CD21BA20471}
	EndGlobalSection
EndGlobal
